
Microsoft Visual Studio Solution File, Format Version 12.00
# Visual Studio 15
VisualStudioVersion = 15.0.28307.572
MinimumVisualStudioVersion = 10.0.40219.1
Project("{FAE04EC0-301F-11D3-BF4B-00C04F79EFBC}") = "MiniNapoleon", "MiniNapoleon\MiniNapoleon.csproj", "{FEEDC9E4-5C70-47CF-99FF-32F6FF921FCD}"
EndProject
Global
	GlobalSection(SolutionConfigurationPlatforms) = preSolution
		Debug|Any CPU = Debug|Any CPU
		Release|Any CPU = Release|Any CPU
	EndGlobalSection
	GlobalSection(ProjectConfigurationPlatforms) = postSolution
		{FEEDC9E4-5C70-47CF-99FF-32F6FF921FCD}.Debug|Any CPU.ActiveCfg = Debug|Any CPU
		{FEEDC9E4-5C70-47CF-99FF-32F6FF921FCD}.Debug|Any CPU.Build.0 = Debug|Any CPU
		{FEEDC9E4-5C70-47CF-99FF-32F6FF921FCD}.Release|Any CPU.ActiveCfg = Release|Any CPU
		{FEEDC9E4-5C70-47CF-99FF-32F6FF921FCD}.Release|Any CPU.Build.0 = Release|Any CPU
	EndGlobalSection
	GlobalSection(SolutionProperties) = preSolution
		HideSolutionNode = FALSE
	EndGlobalSection
	GlobalSection(ExtensibilityGlobals) = postSolution
		SolutionGuid = {9ED7E865-3A22-4B9B-9AA9-4A1D459B69CC}
	EndGlobalSection
EndGlobal
